
Microsoft Visual Studio Solution File, Format Version 12.00
# Visual Studio Version 16
VisualStudioVersion = 16.0.32802.440
MinimumVisualStudioVersion = 10.0.40219.1
Project("{FAE04EC0-301F-11D3-BF4B-00C04F79EFBC}") = "PruchBankLogic", "PruchBankLogic\PruchBankLogic.csproj", "{C16E6257-54EB-41C8-A6ED-82EDDCE6EE3B}"
EndProject
Global
	GlobalSection(SolutionConfigurationPlatforms) = preSolution
		Debug|Any CPU = Debug|Any CPU
		Release|Any CPU = Release|Any CPU
	EndGlobalSection
	GlobalSection(ProjectConfigurationPlatforms) = postSolution
		{C16E6257-54EB-41C8-A6ED-82EDDCE6EE3B}.Debug|Any CPU.ActiveCfg = Debug|Any CPU
		{C16E6257-54EB-41C8-A6ED-82EDDCE6EE3B}.Debug|Any CPU.Build.0 = Debug|Any CPU
		{C16E6257-54EB-41C8-A6ED-82EDDCE6EE3B}.Release|Any CPU.ActiveCfg = Release|Any CPU
		{C16E6257-54EB-41C8-A6ED-82EDDCE6EE3B}.Release|Any CPU.Build.0 = Release|Any CPU
	EndGlobalSection
	GlobalSection(SolutionProperties) = preSolution
		HideSolutionNode = FALSE
	EndGlobalSection
	GlobalSection(ExtensibilityGlobals) = postSolution
		SolutionGuid = {B2CB9C20-63AE-412A-835D-90988641457C}
	EndGlobalSection
EndGlobal
